
Microsoft Visual Studio Solution File, Format Version 12.00
# Visual Studio Version 16
VisualStudioVersion = 16.0.29728.190
MinimumVisualStudioVersion = 10.0.40219.1
Project("{FAE04EC0-301F-11D3-BF4B-00C04F79EFBC}") = "PictureViewer", "PictureViewer\PictureViewer.csproj", "{3BD2A559-9D22-481C-BA02-51529567E2B1}"
EndProject
Global
	GlobalSection(SolutionConfigurationPlatforms) = preSolution
		Debug|Any CPU = Debug|Any CPU
		Release|Any CPU = Release|Any CPU
	EndGlobalSection
	GlobalSection(ProjectConfigurationPlatforms) = postSolution
		{3BD2A559-9D22-481C-BA02-51529567E2B1}.Debug|Any CPU.ActiveCfg = Debug|Any CPU
		{3BD2A559-9D22-481C-BA02-51529567E2B1}.Debug|Any CPU.Build.0 = Debug|Any CPU
		{3BD2A559-9D22-481C-BA02-51529567E2B1}.Release|Any CPU.ActiveCfg = Release|Any CPU
		{3BD2A559-9D22-481C-BA02-51529567E2B1}.Release|Any CPU.Build.0 = Release|Any CPU
	EndGlobalSection
	GlobalSection(SolutionProperties) = preSolution
		HideSolutionNode = FALSE
	EndGlobalSection
	GlobalSection(ExtensibilityGlobals) = postSolution
		SolutionGuid = {3E1368D6-9E85-4D91-9E1F-6189A0E990EA}
	EndGlobalSection
EndGlobal
